
Microsoft Visual Studio Solution File, Format Version 12.00
# Visual Studio Version 17
VisualStudioVersion = 17.10.35027.167
MinimumVisualStudioVersion = 10.0.40219.1
Project("{9A19103F-16F7-4668-BE54-9A1E7A4F7556}") = "CompanyEmployees", "CompanyEmployees\CompanyEmployees.csproj", "{8EE1A483-0281-45D3-9AE7-DD02F3A4ACC9}"
EndProject
Project("{9A19103F-16F7-4668-BE54-9A1E7A4F7556}") = "Contract", "Contract\Contract.csproj", "{D7EE6469-F906-43D5-916C-B215B9120D1C}"
EndProject
Project("{9A19103F-16F7-4668-BE54-9A1E7A4F7556}") = "LoggerService", "LoggerService\LoggerService.csproj", "{663395A9-7942-4A22-9C3E-EC26F766B5C0}"
EndProject
Project("{FAE04EC0-301F-11D3-BF4B-00C04F79EFBC}") = "Entities", "Entities\Entities.csproj", "{75BB4211-8351-4376-A1F8-9D9810EF8EEE}"
EndProject
Project("{FAE04EC0-301F-11D3-BF4B-00C04F79EFBC}") = "Repository", "Repository\Repository.csproj", "{C9C21868-C4EA-4433-B702-F6CBD3284660}"
EndProject
Global
	GlobalSection(SolutionConfigurationPlatforms) = preSolution
		Debug|Any CPU = Debug|Any CPU
		Release|Any CPU = Release|Any CPU
	EndGlobalSection
	GlobalSection(ProjectConfigurationPlatforms) = postSolution
		{8EE1A483-0281-45D3-9AE7-DD02F3A4ACC9}.Debug|Any CPU.ActiveCfg = Debug|Any CPU
		{8EE1A483-0281-45D3-9AE7-DD02F3A4ACC9}.Debug|Any CPU.Build.0 = Debug|Any CPU
		{8EE1A483-0281-45D3-9AE7-DD02F3A4ACC9}.Release|Any CPU.ActiveCfg = Release|Any CPU
		{8EE1A483-0281-45D3-9AE7-DD02F3A4ACC9}.Release|Any CPU.Build.0 = Release|Any CPU
		{D7EE6469-F906-43D5-916C-B215B9120D1C}.Debug|Any CPU.ActiveCfg = Debug|Any CPU
		{D7EE6469-F906-43D5-916C-B215B9120D1C}.Debug|Any CPU.Build.0 = Debug|Any CPU
		{D7EE6469-F906-43D5-916C-B215B9120D1C}.Release|Any CPU.ActiveCfg = Release|Any CPU
		{D7EE6469-F906-43D5-916C-B215B9120D1C}.Release|Any CPU.Build.0 = Release|Any CPU
		{663395A9-7942-4A22-9C3E-EC26F766B5C0}.Debug|Any CPU.ActiveCfg = Debug|Any CPU
		{663395A9-7942-4A22-9C3E-EC26F766B5C0}.Debug|Any CPU.Build.0 = Debug|Any CPU
		{663395A9-7942-4A22-9C3E-EC26F766B5C0}.Release|Any CPU.ActiveCfg = Release|Any CPU
		{663395A9-7942-4A22-9C3E-EC26F766B5C0}.Release|Any CPU.Build.0 = Release|Any CPU
		{75BB4211-8351-4376-A1F8-9D9810EF8EEE}.Debug|Any CPU.ActiveCfg = Debug|Any CPU
		{75BB4211-8351-4376-A1F8-9D9810EF8EEE}.Debug|Any CPU.Build.0 = Debug|Any CPU
		{75BB4211-8351-4376-A1F8-9D9810EF8EEE}.Release|Any CPU.ActiveCfg = Release|Any CPU
		{75BB4211-8351-4376-A1F8-9D9810EF8EEE}.Release|Any CPU.Build.0 = Release|Any CPU
		{C9C21868-C4EA-4433-B702-F6CBD3284660}.Debug|Any CPU.ActiveCfg = Debug|Any CPU
		{C9C21868-C4EA-4433-B702-F6CBD3284660}.Debug|Any CPU.Build.0 = Debug|Any CPU
		{C9C21868-C4EA-4433-B702-F6CBD3284660}.Release|Any CPU.ActiveCfg = Release|Any CPU
		{C9C21868-C4EA-4433-B702-F6CBD3284660}.Release|Any CPU.Build.0 = Release|Any CPU
	EndGlobalSection
	GlobalSection(SolutionProperties) = preSolution
		HideSolutionNode = FALSE
	EndGlobalSection
	GlobalSection(ExtensibilityGlobals) = postSolution
		SolutionGuid = {D3FFA42A-25E3-4B2F-B460-2AF1D4606507}
	EndGlobalSection
EndGlobal
